
Microsoft Visual Studio Solution File, Format Version 12.00
# Visual Studio Version 16
VisualStudioVersion = 16.0.28527.54
MinimumVisualStudioVersion = 10.0.40219.1
Project("{9A19103F-16F7-4668-BE54-9A1E7A4F7556}") = "Canteen", "Canteen\Canteen.csproj", "{62D0E27D-C028-423D-AC60-5B8AFD1C9A4B}"
	ProjectSection(ProjectDependencies) = postProject
		{F22FFA6D-B9FE-4F46-A6B6-574A23BA41D0} = {F22FFA6D-B9FE-4F46-A6B6-574A23BA41D0}
		{142518CE-604B-4CE6-8197-75FE7F079B54} = {142518CE-604B-4CE6-8197-75FE7F079B54}
	EndProjectSection
EndProject
Project("{9A19103F-16F7-4668-BE54-9A1E7A4F7556}") = "Canteen.Data", "Canteen.Data\Canteen.Data.csproj", "{F22FFA6D-B9FE-4F46-A6B6-574A23BA41D0}"
EndProject
Project("{9A19103F-16F7-4668-BE54-9A1E7A4F7556}") = "Canteen.Core", "Canteen.Core\Canteen.Core.csproj", "{142518CE-604B-4CE6-8197-75FE7F079B54}"
EndProject
Global
	GlobalSection(SolutionConfigurationPlatforms) = preSolution
		Debug|Any CPU = Debug|Any CPU
		Release|Any CPU = Release|Any CPU
	EndGlobalSection
	GlobalSection(ProjectConfigurationPlatforms) = postSolution
		{62D0E27D-C028-423D-AC60-5B8AFD1C9A4B}.Debug|Any CPU.ActiveCfg = Debug|Any CPU
		{62D0E27D-C028-423D-AC60-5B8AFD1C9A4B}.Debug|Any CPU.Build.0 = Debug|Any CPU
		{62D0E27D-C028-423D-AC60-5B8AFD1C9A4B}.Release|Any CPU.ActiveCfg = Release|Any CPU
		{62D0E27D-C028-423D-AC60-5B8AFD1C9A4B}.Release|Any CPU.Build.0 = Release|Any CPU
		{F22FFA6D-B9FE-4F46-A6B6-574A23BA41D0}.Debug|Any CPU.ActiveCfg = Debug|Any CPU
		{F22FFA6D-B9FE-4F46-A6B6-574A23BA41D0}.Debug|Any CPU.Build.0 = Debug|Any CPU
		{F22FFA6D-B9FE-4F46-A6B6-574A23BA41D0}.Release|Any CPU.ActiveCfg = Release|Any CPU
		{F22FFA6D-B9FE-4F46-A6B6-574A23BA41D0}.Release|Any CPU.Build.0 = Release|Any CPU
		{142518CE-604B-4CE6-8197-75FE7F079B54}.Debug|Any CPU.ActiveCfg = Debug|Any CPU
		{142518CE-604B-4CE6-8197-75FE7F079B54}.Debug|Any CPU.Build.0 = Debug|Any CPU
		{142518CE-604B-4CE6-8197-75FE7F079B54}.Release|Any CPU.ActiveCfg = Release|Any CPU
		{142518CE-604B-4CE6-8197-75FE7F079B54}.Release|Any CPU.Build.0 = Release|Any CPU
	EndGlobalSection
	GlobalSection(SolutionProperties) = preSolution
		HideSolutionNode = FALSE
	EndGlobalSection
	GlobalSection(ExtensibilityGlobals) = postSolution
		SolutionGuid = {78C5E953-F1EA-4B23-9D6D-9D6132C7B0C0}
	EndGlobalSection
EndGlobal
